
Microsoft Visual Studio Solution File, Format Version 12.00
# Visual Studio Version 16
VisualStudioVersion = 16.0.32510.428
MinimumVisualStudioVersion = 10.0.40219.1
Project("{FAE04EC0-301F-11D3-BF4B-00C04F79EFBC}") = "HRUI", "HRUI\HRUI.csproj", "{1F294B48-F668-4983-B4E6-724F9D65AA8A}"
EndProject
Global
	GlobalSection(SolutionConfigurationPlatforms) = preSolution
		Debug|Any CPU = Debug|Any CPU
		Release|Any CPU = Release|Any CPU
	EndGlobalSection
	GlobalSection(ProjectConfigurationPlatforms) = postSolution
		{1F294B48-F668-4983-B4E6-724F9D65AA8A}.Debug|Any CPU.ActiveCfg = Debug|Any CPU
		{1F294B48-F668-4983-B4E6-724F9D65AA8A}.Debug|Any CPU.Build.0 = Debug|Any CPU
		{1F294B48-F668-4983-B4E6-724F9D65AA8A}.Release|Any CPU.ActiveCfg = Release|Any CPU
		{1F294B48-F668-4983-B4E6-724F9D65AA8A}.Release|Any CPU.Build.0 = Release|Any CPU
	EndGlobalSection
	GlobalSection(SolutionProperties) = preSolution
		HideSolutionNode = FALSE
	EndGlobalSection
	GlobalSection(ExtensibilityGlobals) = postSolution
		SolutionGuid = {344E12D3-D54D-4BAA-9246-9AC79BBFE9C7}
	EndGlobalSection
EndGlobal
